
Microsoft Visual Studio Solution File, Format Version 12.00
# Visual Studio Version 17
VisualStudioVersion = 17.10.34928.147
MinimumVisualStudioVersion = 10.0.40219.1
Project("{9A19103F-16F7-4668-BE54-9A1E7A4F7556}") = "BankDemo", "BankDemo\BankDemo.csproj", "{6AD9E9FD-765B-4900-8243-42E5C3CEA560}"
EndProject
Project("{9A19103F-16F7-4668-BE54-9A1E7A4F7556}") = "BankDemo.Core", "BankDemo.Core\BankDemo.Core.csproj", "{143D849E-90A2-4C58-B082-91C1E65650AA}"
EndProject
Project("{9A19103F-16F7-4668-BE54-9A1E7A4F7556}") = "BankDemo.Domain", "BankDemo.Domain\BankDemo.Domain.csproj", "{150C0570-016F-456C-A6D3-9EC69E252DA7}"
EndProject
Project("{9A19103F-16F7-4668-BE54-9A1E7A4F7556}") = "BankDemo.Shared", "BankDemo.Shared\BankDemo.Shared.csproj", "{A4C130B2-2FDC-45E1-82AD-71CF03E0F4D0}"
EndProject
Project("{9A19103F-16F7-4668-BE54-9A1E7A4F7556}") = "BankDemo.Infrastructure", "BankDemo.Infrastructure\BankDemo.Infrastructure.csproj", "{B4C91DAE-6BDF-46D8-8C24-372E4B7BB7A4}"
EndProject
Global
	GlobalSection(SolutionConfigurationPlatforms) = preSolution
		Debug|Any CPU = Debug|Any CPU
		Release|Any CPU = Release|Any CPU
	EndGlobalSection
	GlobalSection(ProjectConfigurationPlatforms) = postSolution
		{6AD9E9FD-765B-4900-8243-42E5C3CEA560}.Debug|Any CPU.ActiveCfg = Debug|Any CPU
		{6AD9E9FD-765B-4900-8243-42E5C3CEA560}.Debug|Any CPU.Build.0 = Debug|Any CPU
		{6AD9E9FD-765B-4900-8243-42E5C3CEA560}.Release|Any CPU.ActiveCfg = Release|Any CPU
		{6AD9E9FD-765B-4900-8243-42E5C3CEA560}.Release|Any CPU.Build.0 = Release|Any CPU
		{143D849E-90A2-4C58-B082-91C1E65650AA}.Debug|Any CPU.ActiveCfg = Debug|Any CPU
		{143D849E-90A2-4C58-B082-91C1E65650AA}.Debug|Any CPU.Build.0 = Debug|Any CPU
		{143D849E-90A2-4C58-B082-91C1E65650AA}.Release|Any CPU.ActiveCfg = Release|Any CPU
		{143D849E-90A2-4C58-B082-91C1E65650AA}.Release|Any CPU.Build.0 = Release|Any CPU
		{150C0570-016F-456C-A6D3-9EC69E252DA7}.Debug|Any CPU.ActiveCfg = Debug|Any CPU
		{150C0570-016F-456C-A6D3-9EC69E252DA7}.Debug|Any CPU.Build.0 = Debug|Any CPU
		{150C0570-016F-456C-A6D3-9EC69E252DA7}.Release|Any CPU.ActiveCfg = Release|Any CPU
		{150C0570-016F-456C-A6D3-9EC69E252DA7}.Release|Any CPU.Build.0 = Release|Any CPU
		{A4C130B2-2FDC-45E1-82AD-71CF03E0F4D0}.Debug|Any CPU.ActiveCfg = Debug|Any CPU
		{A4C130B2-2FDC-45E1-82AD-71CF03E0F4D0}.Debug|Any CPU.Build.0 = Debug|Any CPU
		{A4C130B2-2FDC-45E1-82AD-71CF03E0F4D0}.Release|Any CPU.ActiveCfg = Release|Any CPU
		{A4C130B2-2FDC-45E1-82AD-71CF03E0F4D0}.Release|Any CPU.Build.0 = Release|Any CPU
		{B4C91DAE-6BDF-46D8-8C24-372E4B7BB7A4}.Debug|Any CPU.ActiveCfg = Debug|Any CPU
		{B4C91DAE-6BDF-46D8-8C24-372E4B7BB7A4}.Debug|Any CPU.Build.0 = Debug|Any CPU
		{B4C91DAE-6BDF-46D8-8C24-372E4B7BB7A4}.Release|Any CPU.ActiveCfg = Release|Any CPU
		{B4C91DAE-6BDF-46D8-8C24-372E4B7BB7A4}.Release|Any CPU.Build.0 = Release|Any CPU
	EndGlobalSection
	GlobalSection(SolutionProperties) = preSolution
		HideSolutionNode = FALSE
	EndGlobalSection
	GlobalSection(ExtensibilityGlobals) = postSolution
		SolutionGuid = {3380F5ED-2CE7-4CEF-A9E3-239AC11B75AA}
	EndGlobalSection
EndGlobal
